
Microsoft Visual Studio Solution File, Format Version 12.00
# Visual Studio 2012
Project("{8BC9CEB8-8B4A-11D0-8D11-00A0C91BC942}") = "Project19", "Project19\Project19.vcxproj", "{565E3B06-4C34-4498-9BAA-7450651390C8}"
EndProject
Global
	GlobalSection(SolutionConfigurationPlatforms) = preSolution
		Debug|Win32 = Debug|Win32
		Release|Win32 = Release|Win32
	EndGlobalSection
	GlobalSection(ProjectConfigurationPlatforms) = postSolution
		{565E3B06-4C34-4498-9BAA-7450651390C8}.Debug|Win32.ActiveCfg = Debug|Win32
		{565E3B06-4C34-4498-9BAA-7450651390C8}.Debug|Win32.Build.0 = Debug|Win32
		{565E3B06-4C34-4498-9BAA-7450651390C8}.Release|Win32.ActiveCfg = Release|Win32
		{565E3B06-4C34-4498-9BAA-7450651390C8}.Release|Win32.Build.0 = Release|Win32
	EndGlobalSection
	GlobalSection(SolutionProperties) = preSolution
		HideSolutionNode = FALSE
	EndGlobalSection
EndGlobal
